<?xml version="1.0" encoding="utf-8"?>
<Project ToolsVersion="4.0" xmlns="http://schemas.microsoft.com/developer/msbuild/2003">
  <ItemGroup>
    <Filter Include="Source Files">
      <UniqueIdentifier>{4FC737F1-C7A5-4376-A066-2A32D752A2FF}</UniqueIdentifier>
      <Extensions>cpp;c;cc;cxx;def;odl;idl;hpj;bat;asm;asmx</Extensions>
    </Filter>
    <Filter Include="Header Files">
      <UniqueIdentifier>{93995380-89BD-4b04-88EB-625FBE52EBFB}</UniqueIdentifier>
      <Extensions>h;hh;hpp;hxx;hm;inl;inc;xsd</Extensions>
    </Filter>
    <Filter Include="Resource Files">
      <UniqueIdentifier>{67DA6AB6-F800-4c08-8B7A-83BB121AAD01}</UniqueIdentifier>
      <Extensions>rc;ico;cur;bmp;dlg;rc2;rct;bin;rgs;gif;jpg;jpeg;jpe;resx;tiff;tif;png;wav;mfcribbon-ms</Extensions>
    </Filter>
    <Filter Include="Header Files\DiagramEditor">
      <UniqueIdentifier>{d3bd8a63-df73-4381-9b40-27ded56b801a}</UniqueIdentifier>
    </Filter>
    <Filter Include="Source Files\DiagramEditor">
      <UniqueIdentifier>{ac8e8f74-219b-44a5-85b5-4ee773c8107f}</UniqueIdentifier>
    </Filter>
    <Filter Include="Header Files\DiskObject">
      <UniqueIdentifier>{123bd912-ba94-4a1b-a020-193bec9f9a79}</UniqueIdentifier>
    </Filter>
    <Filter Include="Source Files\DiskObject">
      <UniqueIdentifier>{eb7333f3-4f96-4332-b914-b5355bb40d6e}</UniqueIdentifier>
    </Filter>
    <Filter Include="Source Files\TextFile">
      <UniqueIdentifier>{7cfb1395-dbc7-4ede-84e0-551b9b13cad5}</UniqueIdentifier>
    </Filter>
    <Filter Include="Header Files\TextFile">
      <UniqueIdentifier>{2361c8e4-0738-44a1-b2fd-9d9dff83337f}</UniqueIdentifier>
    </Filter>
  </ItemGroup>
  <ItemGroup>
    <Text Include="ReadMe.txt" />
  </ItemGroup>
  <ItemGroup>
    <ClInclude Include="EVdance.h">
      <Filter>Header Files</Filter>
    </ClInclude>
    <ClInclude Include="stdafx.h">
      <Filter>Header Files</Filter>
    </ClInclude>
    <ClInclude Include="targetver.h">
      <Filter>Header Files</Filter>
    </ClInclude>
    <ClInclude Include="MainFrm.h">
      <Filter>Header Files</Filter>
    </ClInclude>
    <ClInclude Include="ChildFrm.h">
      <Filter>Header Files</Filter>
    </ClInclude>
    <ClInclude Include="EVdanceDoc.h">
      <Filter>Header Files</Filter>
    </ClInclude>
    <ClInclude Include="EVdanceView.h">
      <Filter>Header Files</Filter>
    </ClInclude>
    <ClInclude Include="Resource.h">
      <Filter>Header Files</Filter>
    </ClInclude>
    <ClInclude Include="FileView.h">
      <Filter>Header Files</Filter>
    </ClInclude>
    <ClInclude Include="ClassView.h">
      <Filter>Header Files</Filter>
    </ClInclude>
    <ClInclude Include="ViewTree.h">
      <Filter>Header Files</Filter>
    </ClInclude>
    <ClInclude Include="OutputWnd.h">
      <Filter>Header Files</Filter>
    </ClInclude>
    <ClInclude Include="ExportDialog.h">
      <Filter>Header Files</Filter>
    </ClInclude>
    <ClInclude Include="UMLEditor.h">
      <Filter>Header Files</Filter>
    </ClInclude>
    <ClInclude Include="DiagramEditor\DiagramEntity.h">
      <Filter>Header Files\DiagramEditor</Filter>
    </ClInclude>
    <ClInclude Include="DiagramEditor\DiagramEntityContainer.h">
      <Filter>Header Files\DiagramEditor</Filter>
    </ClInclude>
    <ClInclude Include="DiagramEditor\GroupFactory.h">
      <Filter>Header Files\DiagramEditor</Filter>
    </ClInclude>
    <ClInclude Include="DiagramEditor\Tokenizer.h">
      <Filter>Header Files\DiagramEditor</Filter>
    </ClInclude>
    <ClInclude Include="DiagramEditor\DiagramClipboardHandler.h">
      <Filter>Header Files\DiagramEditor</Filter>
    </ClInclude>
    <ClInclude Include="DiagramEditor\DiagramEditor.h">
      <Filter>Header Files\DiagramEditor</Filter>
    </ClInclude>
    <ClInclude Include="DiagramEditor\DiagramLine.h">
      <Filter>Header Files\DiagramEditor</Filter>
    </ClInclude>
    <ClInclude Include="DiagramEditor\DiagramMenu.h">
      <Filter>Header Files\DiagramEditor</Filter>
    </ClInclude>
    <ClInclude Include="DiagramEditor\DiagramPropertyDlg.h">
      <Filter>Header Files\DiagramEditor</Filter>
    </ClInclude>
    <ClInclude Include="DiagramEditor\UndoItem.h">
      <Filter>Header Files\DiagramEditor</Filter>
    </ClInclude>
    <ClInclude Include="DiskObject\DiskObject.h">
      <Filter>Header Files\DiskObject</Filter>
    </ClInclude>
    <ClInclude Include="TextFile\TextFile.h">
      <Filter>Header Files\TextFile</Filter>
    </ClInclude>
    <ClInclude Include="UMLEntity.h">
      <Filter>Header Files</Filter>
    </ClInclude>
    <ClInclude Include="UMLEntityContainer.h">
      <Filter>Header Files</Filter>
    </ClInclude>
    <ClInclude Include="UMLLineSegment.h">
      <Filter>Header Files</Filter>
    </ClInclude>
    <ClInclude Include="UMLLinkPropertyDialog.h">
      <Filter>Header Files</Filter>
    </ClInclude>
    <ClInclude Include="UMLEntityClass.h">
      <Filter>Header Files</Filter>
    </ClInclude>
    <ClInclude Include="UMLEntityDummy.h">
      <Filter>Header Files</Filter>
    </ClInclude>
    <ClInclude Include="UMLUndoItem.h">
      <Filter>Header Files</Filter>
    </ClInclude>
    <ClInclude Include="AddParameterDialog.h">
      <Filter>Header Files</Filter>
    </ClInclude>
    <ClInclude Include="Attribute.h">
      <Filter>Header Files</Filter>
    </ClInclude>
    <ClInclude Include="AttributeContainer.h">
      <Filter>Header Files</Filter>
    </ClInclude>
    <ClInclude Include="ClassAttributePropertyDialog.h">
      <Filter>Header Files</Filter>
    </ClInclude>
    <ClInclude Include="ClassDisplayPropertyDialog.h">
      <Filter>Header Files</Filter>
    </ClInclude>
    <ClInclude Include="ClassOperationPropertyDialog.h">
      <Filter>Header Files</Filter>
    </ClInclude>
    <ClInclude Include="ExListBox.h">
      <Filter>Header Files</Filter>
    </ClInclude>
    <ClInclude Include="GetterSetterDialog.h">
      <Filter>Header Files</Filter>
    </ClInclude>
    <ClInclude Include="LinkFactory.h">
      <Filter>Header Files</Filter>
    </ClInclude>
    <ClInclude Include="Operation.h">
      <Filter>Header Files</Filter>
    </ClInclude>
    <ClInclude Include="OperationContainer.h">
      <Filter>Header Files</Filter>
    </ClInclude>
    <ClInclude Include="Parameter.h">
      <Filter>Header Files</Filter>
    </ClInclude>
    <ClInclude Include="ParameterContainer.h">
      <Filter>Header Files</Filter>
    </ClInclude>
    <ClInclude Include="Property.h">
      <Filter>Header Files</Filter>
    </ClInclude>
    <ClInclude Include="PropertyContainer.h">
      <Filter>Header Files</Filter>
    </ClInclude>
    <ClInclude Include="PropertyListEditorDialog.h">
      <Filter>Header Files</Filter>
    </ClInclude>
    <ClInclude Include="StringHelpers.h">
      <Filter>Header Files</Filter>
    </ClInclude>
    <ClInclude Include="UMLClassPropertyDialog.h">
      <Filter>Header Files</Filter>
    </ClInclude>
    <ClInclude Include="UMLClipboardHandler.h">
      <Filter>Header Files</Filter>
    </ClInclude>
    <ClInclude Include="UMLControlFactory.h">
      <Filter>Header Files</Filter>
    </ClInclude>
    <ClInclude Include="UMLEditorPropertyDialog.h">
      <Filter>Header Files</Filter>
    </ClInclude>
    <ClInclude Include="UMLEntityClassTemplate.h">
      <Filter>Header Files</Filter>
    </ClInclude>
    <ClInclude Include="UMLEntityInterface.h">
      <Filter>Header Files</Filter>
    </ClInclude>
    <ClInclude Include="UMLEntityLabel.h">
      <Filter>Header Files</Filter>
    </ClInclude>
    <ClInclude Include="UMLEntityNote.h">
      <Filter>Header Files</Filter>
    </ClInclude>
    <ClInclude Include="UMLEntityPackage.h">
      <Filter>Header Files</Filter>
    </ClInclude>
    <ClInclude Include="UMLInterfacePropertyDialog.h">
      <Filter>Header Files</Filter>
    </ClInclude>
    <ClInclude Include="UMLLabelPropertyDialog.h">
      <Filter>Header Files</Filter>
    </ClInclude>
    <ClInclude Include="UMLMenu.h">
      <Filter>Header Files</Filter>
    </ClInclude>
    <ClInclude Include="umlnotepropertydialog.h">
      <Filter>Header Files</Filter>
    </ClInclude>
    <ClInclude Include="umlpackagepropertydialog.h">
      <Filter>Header Files</Filter>
    </ClInclude>
    <ClInclude Include="LinkSettings.h">
      <Filter>Header Files</Filter>
    </ClInclude>
  </ItemGroup>
  <ItemGroup>
    <ClCompile Include="EVdance.cpp">
      <Filter>Source Files</Filter>
    </ClCompile>
    <ClCompile Include="stdafx.cpp">
      <Filter>Source Files</Filter>
    </ClCompile>
    <ClCompile Include="MainFrm.cpp">
      <Filter>Source Files</Filter>
    </ClCompile>
    <ClCompile Include="ChildFrm.cpp">
      <Filter>Source Files</Filter>
    </ClCompile>
    <ClCompile Include="EVdanceDoc.cpp">
      <Filter>Source Files</Filter>
    </ClCompile>
    <ClCompile Include="EVdanceView.cpp">
      <Filter>Source Files</Filter>
    </ClCompile>
    <ClCompile Include="FileView.cpp">
      <Filter>Source Files</Filter>
    </ClCompile>
    <ClCompile Include="ClassView.cpp">
      <Filter>Source Files</Filter>
    </ClCompile>
    <ClCompile Include="ViewTree.cpp">
      <Filter>Source Files</Filter>
    </ClCompile>
    <ClCompile Include="OutputWnd.cpp">
      <Filter>Source Files</Filter>
    </ClCompile>
    <ClCompile Include="ExportDialog.cpp">
      <Filter>Source Files</Filter>
    </ClCompile>
    <ClCompile Include="UMLEditor.cpp">
      <Filter>Source Files</Filter>
    </ClCompile>
    <ClCompile Include="DiagramEditor\DiagramEntity.cpp">
      <Filter>Source Files\DiagramEditor</Filter>
    </ClCompile>
    <ClCompile Include="DiagramEditor\DiagramEntityContainer.cpp">
      <Filter>Source Files\DiagramEditor</Filter>
    </ClCompile>
    <ClCompile Include="DiagramEditor\GroupFactory.cpp">
      <Filter>Source Files\DiagramEditor</Filter>
    </ClCompile>
    <ClCompile Include="DiagramEditor\Tokenizer.cpp">
      <Filter>Source Files\DiagramEditor</Filter>
    </ClCompile>
    <ClCompile Include="DiagramEditor\DiagramClipboardHandler.cpp">
      <Filter>Source Files\DiagramEditor</Filter>
    </ClCompile>
    <ClCompile Include="DiagramEditor\DiagramEditor.cpp">
      <Filter>Source Files\DiagramEditor</Filter>
    </ClCompile>
    <ClCompile Include="DiagramEditor\DiagramLine.cpp">
      <Filter>Source Files\DiagramEditor</Filter>
    </ClCompile>
    <ClCompile Include="DiagramEditor\DiagramMenu.cpp">
      <Filter>Source Files\DiagramEditor</Filter>
    </ClCompile>
    <ClCompile Include="DiagramEditor\DiagramPropertyDlg.cpp">
      <Filter>Source Files\DiagramEditor</Filter>
    </ClCompile>
    <ClCompile Include="DiagramEditor\UndoItem.cpp">
      <Filter>Source Files\DiagramEditor</Filter>
    </ClCompile>
    <ClCompile Include="DiskObject\DiskObject.cpp">
      <Filter>Source Files\DiskObject</Filter>
    </ClCompile>
    <ClCompile Include="TextFile\TextFile.cpp">
      <Filter>Source Files\TextFile</Filter>
    </ClCompile>
    <ClCompile Include="UMLEntity.cpp">
      <Filter>Source Files</Filter>
    </ClCompile>
    <ClCompile Include="UMLEntityClass.cpp">
      <Filter>Source Files</Filter>
    </ClCompile>
    <ClCompile Include="UMLEntityContainer.cpp">
      <Filter>Source Files</Filter>
    </ClCompile>
    <ClCompile Include="UMLEntityDummy.cpp">
      <Filter>Source Files</Filter>
    </ClCompile>
    <ClCompile Include="UMLLineSegment.cpp">
      <Filter>Source Files</Filter>
    </ClCompile>
    <ClCompile Include="UMLUndoItem.cpp">
      <Filter>Source Files</Filter>
    </ClCompile>
    <ClCompile Include="UMLLinkPropertyDialog.cpp">
      <Filter>Source Files</Filter>
    </ClCompile>
    <ClCompile Include="AddParameterDialog.cpp">
      <Filter>Source Files</Filter>
    </ClCompile>
    <ClCompile Include="Attribute.cpp">
      <Filter>Source Files</Filter>
    </ClCompile>
    <ClCompile Include="AttributeContainer.cpp">
      <Filter>Source Files</Filter>
    </ClCompile>
    <ClCompile Include="ClassAttributePropertyDialog.cpp">
      <Filter>Source Files</Filter>
    </ClCompile>
    <ClCompile Include="ClassDisplayPropertyDialog.cpp">
      <Filter>Source Files</Filter>
    </ClCompile>
    <ClCompile Include="ClassOperationPropertyDialog.cpp">
      <Filter>Source Files</Filter>
    </ClCompile>
    <ClCompile Include="ExListBox.cpp">
      <Filter>Source Files</Filter>
    </ClCompile>
    <ClCompile Include="GetterSetterDialog.cpp">
      <Filter>Source Files</Filter>
    </ClCompile>
    <ClCompile Include="LinkFactory.cpp">
      <Filter>Source Files</Filter>
    </ClCompile>
    <ClCompile Include="Operation.cpp">
      <Filter>Source Files</Filter>
    </ClCompile>
    <ClCompile Include="OperationContainer.cpp">
      <Filter>Source Files</Filter>
    </ClCompile>
    <ClCompile Include="Parameter.cpp">
      <Filter>Source Files</Filter>
    </ClCompile>
    <ClCompile Include="ParameterContainer.cpp">
      <Filter>Source Files</Filter>
    </ClCompile>
    <ClCompile Include="Property.cpp">
      <Filter>Source Files</Filter>
    </ClCompile>
    <ClCompile Include="PropertyContainer.cpp">
      <Filter>Source Files</Filter>
    </ClCompile>
    <ClCompile Include="PropertyListEditorDialog.cpp">
      <Filter>Source Files</Filter>
    </ClCompile>
    <ClCompile Include="StringHelpers.cpp">
      <Filter>Source Files</Filter>
    </ClCompile>
    <ClCompile Include="UMLClassPropertyDialog.cpp">
      <Filter>Source Files</Filter>
    </ClCompile>
    <ClCompile Include="UMLClipboardHandler.cpp">
      <Filter>Source Files</Filter>
    </ClCompile>
    <ClCompile Include="UMLControlFactory.cpp">
      <Filter>Source Files</Filter>
    </ClCompile>
    <ClCompile Include="UMLEditorPropertyDialog.cpp">
      <Filter>Source Files</Filter>
    </ClCompile>
    <ClCompile Include="UMLEntityClassTemplate.cpp">
      <Filter>Source Files</Filter>
    </ClCompile>
    <ClCompile Include="UMLEntityInterface.cpp">
      <Filter>Source Files</Filter>
    </ClCompile>
    <ClCompile Include="UMLEntityLabel.cpp">
      <Filter>Source Files</Filter>
    </ClCompile>
    <ClCompile Include="UMLEntityNote.cpp">
      <Filter>Source Files</Filter>
    </ClCompile>
    <ClCompile Include="UMLEntityPackage.cpp">
      <Filter>Source Files</Filter>
    </ClCompile>
    <ClCompile Include="UMLInterfacePropertyDialog.cpp">
      <Filter>Source Files</Filter>
    </ClCompile>
    <ClCompile Include="UMLLabelPropertyDialog.cpp">
      <Filter>Source Files</Filter>
    </ClCompile>
    <ClCompile Include="UMLMenu.cpp">
      <Filter>Source Files</Filter>
    </ClCompile>
    <ClCompile Include="UMLNotePropertyDialog.cpp">
      <Filter>Source Files</Filter>
    </ClCompile>
    <ClCompile Include="UMLPackagePropertyDialog.cpp">
      <Filter>Source Files</Filter>
    </ClCompile>
    <ClCompile Include="UMLTemplatePropertyDialog.cpp">
      <Filter>Source Files</Filter>
    </ClCompile>
    <ClCompile Include="LinkSettings.cpp">
      <Filter>Source Files</Filter>
    </ClCompile>
  </ItemGroup>
  <ItemGroup>
    <ResourceCompile Include="EVdance.rc">
      <Filter>Resource Files</Filter>
    </ResourceCompile>
  </ItemGroup>
  <ItemGroup>
    <Image Include="res\file_view.ico">
      <Filter>Resource Files</Filter>
    </Image>
    <Image Include="res\file_view_hc.ico">
      <Filter>Resource Files</Filter>
    </Image>
    <Image Include="res\class_view.ico">
      <Filter>Resource Files</Filter>
    </Image>
    <Image Include="res\class_view_hc.ico">
      <Filter>Resource Files</Filter>
    </Image>
    <Image Include="res\fileview.bmp">
      <Filter>Resource Files</Filter>
    </Image>
    <Image Include="res\fileview_hc.bmp">
      <Filter>Resource Files</Filter>
    </Image>
    <Image Include="res\classview.bmp">
      <Filter>Resource Files</Filter>
    </Image>
    <Image Include="res\classview_hc.bmp">
      <Filter>Resource Files</Filter>
    </Image>
    <Image Include="res\explorer.bmp">
      <Filter>Resource Files</Filter>
    </Image>
    <Image Include="res\explorer_hc.bmp">
      <Filter>Resource Files</Filter>
    </Image>
    <Image Include="res\sort.bmp">
      <Filter>Resource Files</Filter>
    </Image>
    <Image Include="res\sort_hc.bmp">
      <Filter>Resource Files</Filter>
    </Image>
    <Image Include="res\menuimages.bmp">
      <Filter>Resource Files</Filter>
    </Image>
    <Image Include="res\menuimages_hc.bmp">
      <Filter>Resource Files</Filter>
    </Image>
    <Image Include="res\output_wnd.ico">
      <Filter>Resource Files</Filter>
    </Image>
    <Image Include="res\output_wnd_hc.ico">
      <Filter>Resource Files</Filter>
    </Image>
    <Image Include="res\buttons.bmp">
      <Filter>Resource Files</Filter>
    </Image>
    <Image Include="res\filelarge.bmp">
      <Filter>Resource Files</Filter>
    </Image>
    <Image Include="res\filesmall.bmp">
      <Filter>Resource Files</Filter>
    </Image>
    <Image Include="res\main.bmp">
      <Filter>Resource Files</Filter>
    </Image>
    <Image Include="res\writelarge.bmp">
      <Filter>Resource Files</Filter>
    </Image>
    <Image Include="res\writesmall.bmp">
      <Filter>Resource Files</Filter>
    </Image>
    <Image Include="res\EVdanceDoc.ico">
      <Filter>Resource Files</Filter>
    </Image>
    <Image Include="res\EVdance.ico">
      <Filter>Resource Files</Filter>
    </Image>
    <Image Include="res\Toolbar.bmp">
      <Filter>Resource Files</Filter>
    </Image>
    <Image Include="res\Toolbar256.bmp">
      <Filter>Resource Files</Filter>
    </Image>
    <Image Include="res\UMLEditorDemoDoc.ico">
      <Filter>Resource Files</Filter>
    </Image>
    <Image Include="res\up.ico">
      <Filter>Resource Files</Filter>
    </Image>
  </ItemGroup>
  <ItemGroup>
    <None Include="res\ribbon.mfcribbon-ms">
      <Filter>Resource Files</Filter>
    </None>
    <None Include="res\EVdance.rc2">
      <Filter>Resource Files</Filter>
    </None>
    <None Include="res\cursor1.cur">
      <Filter>Resource Files</Filter>
    </None>
    <None Include="res\up.cur">
      <Filter>Resource Files</Filter>
    </None>
    <None Include="res\draw.cur">
      <Filter>Resource Files</Filter>
    </None>
    <None Include="res\attach.cur">
      <Filter>Resource Files</Filter>
    </None>
  </ItemGroup>
</Project>